
Microsoft Visual Studio Solution File, Format Version 12.00
# Visual Studio Version 17
VisualStudioVersion = 17.13.35919.96 d17.13
MinimumVisualStudioVersion = 10.0.40219.1
Project("{FAE04EC0-301F-11D3-BF4B-00C04F79EFBC}") = "TransliterateLibrary", "TransliterateLibrary.csproj", "{38311E73-65EA-4EAD-9AAB-1EC3E62FB5F4}"
EndProject
Global
	GlobalSection(SolutionConfigurationPlatforms) = preSolution
		Debug|Any CPU = Debug|Any CPU
		Release|Any CPU = Release|Any CPU
	EndGlobalSection
	GlobalSection(ProjectConfigurationPlatforms) = postSolution
		{38311E73-65EA-4EAD-9AAB-1EC3E62FB5F4}.Debug|Any CPU.ActiveCfg = Debug|Any CPU
		{38311E73-65EA-4EAD-9AAB-1EC3E62FB5F4}.Debug|Any CPU.Build.0 = Debug|Any CPU
		{38311E73-65EA-4EAD-9AAB-1EC3E62FB5F4}.Release|Any CPU.ActiveCfg = Release|Any CPU
		{38311E73-65EA-4EAD-9AAB-1EC3E62FB5F4}.Release|Any CPU.Build.0 = Release|Any CPU
	EndGlobalSection
	GlobalSection(SolutionProperties) = preSolution
		HideSolutionNode = FALSE
	EndGlobalSection
	GlobalSection(ExtensibilityGlobals) = postSolution
		SolutionGuid = {2A72624B-2D9C-4D4C-A9B1-35376D5288FA}
	EndGlobalSection
EndGlobal
